// !$*UTF8*$!
{
	archiveVersion = 1;
	classes = {
	};
	objectVersion = 46;
	objects = {

/* Begin PBXBuildFile section */
		D43B9FF71D138C6F00E80DCF /* BCImagePickerAppearance.swift in Sources */ = {isa = PBXBuildFile; fileRef = D43B9FF61D138C6F00E80DCF /* BCImagePickerAppearance.swift */; };
		D484D9381D12FE2A00DECC84 /* AppDelegate.swift in Sources */ = {isa = PBXBuildFile; fileRef = D484D9371D12FE2A00DECC84 /* AppDelegate.swift */; };
		D484D93A1D12FE2A00DECC84 /* ViewController.swift in Sources */ = {isa = PBXBuildFile; fileRef = D484D9391D12FE2A00DECC84 /* ViewController.swift */; };
		D484D93D1D12FE2A00DECC84 /* Main.storyboard in Resources */ = {isa = PBXBuildFile; fileRef = D484D93B1D12FE2A00DECC84 /* Main.storyboard */; };
		D484D93F1D12FE2A00DECC84 /* Assets.xcassets in Resources */ = {isa = PBXBuildFile; fileRef = D484D93E1D12FE2A00DECC84 /* Assets.xcassets */; };
		D484D9421D12FE2A00DECC84 /* LaunchScreen.storyboard in Resources */ = {isa = PBXBuildFile; fileRef = D484D9401D12FE2A00DECC84 /* LaunchScreen.storyboard */; };
		D484D9501D1300F400DECC84 /* UTAlbumPickerController.swift in Sources */ = {isa = PBXBuildFile; fileRef = D484D94C1D1300F400DECC84 /* UTAlbumPickerController.swift */; };
		D484D9511D1300F400DECC84 /* BCAssetCollectionController.swift in Sources */ = {isa = PBXBuildFile; fileRef = D484D94D1D1300F400DECC84 /* BCAssetCollectionController.swift */; };
		D484D9521D1300F400DECC84 /* Utils.swift in Sources */ = {isa = PBXBuildFile; fileRef = D484D94E1D1300F400DECC84 /* Utils.swift */; };
		D484D9531D1300F400DECC84 /* BCImagePickerController.swift in Sources */ = {isa = PBXBuildFile; fileRef = D484D94F1D1300F400DECC84 /* BCImagePickerController.swift */; };
/* End PBXBuildFile section */

/* Begin PBXFileReference section */
		D43B9FF61D138C6F00E80DCF /* BCImagePickerAppearance.swift */ = {isa = PBXFileReference; fileEncoding = 4; lastKnownFileType = sourcecode.swift; path = BCImagePickerAppearance.swift; sourceTree = "<group>"; };
		D484D9341D12FE2A00DECC84 /* BCImagePickerDemo.app */ = {isa = PBXFileReference; explicitFileType = wrapper.application; includeInIndex = 0; path = BCImagePickerDemo.app; sourceTree = BUILT_PRODUCTS_DIR; };
		D484D9371D12FE2A00DECC84 /* AppDelegate.swift */ = {isa = PBXFileReference; lastKnownFileType = sourcecode.swift; path = AppDelegate.swift; sourceTree = "<group>"; };
		D484D9391D12FE2A00DECC84 /* ViewController.swift */ = {isa = PBXFileReference; lastKnownFileType = sourcecode.swift; path = ViewController.swift; sourceTree = "<group>"; };
		D484D93C1D12FE2A00DECC84 /* Base */ = {isa = PBXFileReference; lastKnownFileType = file.storyboard; name = Base; path = Base.lproj/Main.storyboard; sourceTree = "<group>"; };
		D484D93E1D12FE2A00DECC84 /* Assets.xcassets */ = {isa = PBXFileReference; lastKnownFileType = folder.assetcatalog; path = Assets.xcassets; sourceTree = "<group>"; };
		D484D9411D12FE2A00DECC84 /* Base */ = {isa = PBXFileReference; lastKnownFileType = file.storyboard; name = Base; path = Base.lproj/LaunchScreen.storyboard; sourceTree = "<group>"; };
		D484D9431D12FE2A00DECC84 /* Info.plist */ = {isa = PBXFileReference; lastKnownFileType = text.plist.xml; path = Info.plist; sourceTree = "<group>"; };
		D484D94C1D1300F400DECC84 /* UTAlbumPickerController.swift */ = {isa = PBXFileReference; fileEncoding = 4; lastKnownFileType = sourcecode.swift; path = UTAlbumPickerController.swift; sourceTree = "<group>"; };
		D484D94D1D1300F400DECC84 /* BCAssetCollectionController.swift */ = {isa = PBXFileReference; fileEncoding = 4; lastKnownFileType = sourcecode.swift; path = BCAssetCollectionController.swift; sourceTree = "<group>"; };
		D484D94E1D1300F400DECC84 /* Utils.swift */ = {isa = PBXFileReference; fileEncoding = 4; lastKnownFileType = sourcecode.swift; path = Utils.swift; sourceTree = "<group>"; };
		D484D94F1D1300F400DECC84 /* BCImagePickerController.swift */ = {isa = PBXFileReference; fileEncoding = 4; lastKnownFileType = sourcecode.swift; path = BCImagePickerController.swift; sourceTree = "<group>"; };
/* End PBXFileReference section */

/* Begin PBXFrameworksBuildPhase section */
		D484D9311D12FE2A00DECC84 /* Frameworks */ = {
			isa = PBXFrameworksBuildPhase;
			buildActionMask = 2147483647;
			files = (
			);
			runOnlyForDeploymentPostprocessing = 0;
		};
/* End PBXFrameworksBuildPhase section */

/* Begin PBXGroup section */
		D484D92B1D12FE2A00DECC84 = {
			isa = PBXGroup;
			children = (
				D484D94B1D1300F400DECC84 /* source */,
				D484D9361D12FE2A00DECC84 /* BCImagePickerDemo */,
				D484D9351D12FE2A00DECC84 /* Products */,
			);
			sourceTree = "<group>";
		};
		D484D9351D12FE2A00DECC84 /* Products */ = {
			isa = PBXGroup;
			children = (
				D484D9341D12FE2A00DECC84 /* BCImagePickerDemo.app */,
			);
			name = Products;
			sourceTree = "<group>";
		};
		D484D9361D12FE2A00DECC84 /* BCImagePickerDemo */ = {
			isa = PBXGroup;
			children = (
				D484D9371D12FE2A00DECC84 /* AppDelegate.swift */,
				D484D9391D12FE2A00DECC84 /* ViewController.swift */,
				D484D93B1D12FE2A00DECC84 /* Main.storyboard */,
				D484D93E1D12FE2A00DECC84 /* Assets.xcassets */,
				D484D9401D12FE2A00DECC84 /* LaunchScreen.storyboard */,
				D484D9431D12FE2A00DECC84 /* Info.plist */,
			);
			path = BCImagePickerDemo;
			sourceTree = "<group>";
		};
		D484D94B1D1300F400DECC84 /* source */ = {
			isa = PBXGroup;
			children = (
				D484D94C1D1300F400DECC84 /* UTAlbumPickerController.swift */,
				D484D94D1D1300F400DECC84 /* BCAssetCollectionController.swift */,
				D484D94E1D1300F400DECC84 /* Utils.swift */,
				D484D94F1D1300F400DECC84 /* BCImagePickerController.swift */,
				D43B9FF61D138C6F00E80DCF /* BCImagePickerAppearance.swift */,
			);
			path = source;
			sourceTree = "<group>";
		};
/* End PBXGroup section */

/* Begin PBXNativeTarget section */
		D484D9331D12FE2A00DECC84 /* BCImagePickerDemo */ = {
			isa = PBXNativeTarget;
			buildConfigurationList = D484D9461D12FE2A00DECC84 /* Build configuration list for PBXNativeTarget "BCImagePickerDemo" */;
			buildPhases = (
				D484D9301D12FE2A00DECC84 /* Sources */,
				D484D9311D12FE2A00DECC84 /* Frameworks */,
				D484D9321D12FE2A00DECC84 /* Resources */,
			);
			buildRules = (
			);
			dependencies = (
			);
			name = BCImagePickerDemo;
			productName = BCImagePickerDemo;
			productReference = D484D9341D12FE2A00DECC84 /* BCImagePickerDemo.app */;
			productType = "com.apple.product-type.application";
		};
/* End PBXNativeTarget section */

/* Begin PBXProject section */
		D484D92C1D12FE2A00DECC84 /* Project object */ = {
			isa = PBXProject;
			attributes = {
				LastSwiftUpdateCheck = 0730;
				LastUpgradeCheck = 0730;
				ORGANIZATIONNAME = forzadata;
				TargetAttributes = {
					D484D9331D12FE2A00DECC84 = {
						CreatedOnToolsVersion = 7.3.1;
					};
				};
			};
			buildConfigurationList = D484D92F1D12FE2A00DECC84 /* Build configuration list for PBXProject "BCImagePickerDemo" */;
			compatibilityVersion = "Xcode 3.2";
			developmentRegion = English;
			hasScannedForEncodings = 0;
			knownRegions = (
				en,
				Base,
			);
			mainGroup = D484D92B1D12FE2A00DECC84;
			productRefGroup = D484D9351D12FE2A00DECC84 /* Products */;
			projectDirPath = "";
			projectRoot = "";
			targets = (
				D484D9331D12FE2A00DECC84 /* BCImagePickerDemo */,
			);
		};
/* End PBXProject section */

/* Begin PBXResourcesBuildPhase section */
		D484D9321D12FE2A00DECC84 /* Resources */ = {
			isa = PBXResourcesBuildPhase;
			buildActionMask = 2147483647;
			files = (
				D484D9421D12FE2A00DECC84 /* LaunchScreen.storyboard in Resources */,
				D484D93F1D12FE2A00DECC84 /* Assets.xcassets in Resources */,
				D484D93D1D12FE2A00DECC84 /* Main.storyboard in Resources */,
			);
			runOnlyForDeploymentPostprocessing = 0;
		};
/* End PBXResourcesBuildPhase section */

/* Begin PBXSourcesBuildPhase section */
		D484D9301D12FE2A00DECC84 /* Sources */ = {
			isa = PBXSourcesBuildPhase;
			buildActionMask = 2147483647;
			files = (
				D484D9521D1300F400DECC84 /* Utils.swift in Sources */,
				D484D9501D1300F400DECC84 /* UTAlbumPickerController.swift in Sources */,
				D43B9FF71D138C6F00E80DCF /* BCImagePickerAppearance.swift in Sources */,
				D484D9531D1300F400DECC84 /* BCImagePickerController.swift in Sources */,
				D484D93A1D12FE2A00DECC84 /* ViewController.swift in Sources */,
				D484D9381D12FE2A00DECC84 /* AppDelegate.swift in Sources */,
				D484D9511D1300F400DECC84 /* BCAssetCollectionController.swift in Sources */,
			);
			runOnlyForDeploymentPostprocessing = 0;
		};
/* End PBXSourcesBuildPhase section */

/* Begin PBXVariantGroup section */
		D484D93B1D12FE2A00DECC84 /* Main.storyboard */ = {
			isa = PBXVariantGroup;
			children = (
				D484D93C1D12FE2A00DECC84 /* Base */,
			);
			name = Main.storyboard;
			sourceTree = "<group>";
		};
		D484D9401D12FE2A00DECC84 /* LaunchScreen.storyboard */ = {
			isa = PBXVariantGroup;
			children = (
				D484D9411D12FE2A00DECC84 /* Base */,
			);
			name = LaunchScreen.storyboard;
			sourceTree = "<group>";
		};
/* End PBXVariantGroup section */

/* Begin XCBuildConfiguration section */
		D484D9441D12FE2A00DECC84 /* Debug */ = {
			isa = XCBuildConfiguration;
			buildSettings = {
				ALWAYS_SEARCH_USER_PATHS = NO;
				CLANG_ANALYZER_NONNULL = YES;
				CLANG_CXX_LANGUAGE_STANDARD = "gnu++0x";
				CLANG_CXX_LIBRARY = "libc++";
				CLANG_ENABLE_MODULES = YES;
				CLANG_ENABLE_OBJC_ARC = YES;
				CLANG_WARN_BOOL_CONVERSION = YES;
				CLANG_WARN_CONSTANT_CONVERSION = YES;
				CLANG_WARN_DIRECT_OBJC_ISA_USAGE = YES_ERROR;
				CLANG_WARN_EMPTY_BODY = YES;
				CLANG_WARN_ENUM_CONVERSION = YES;
				CLANG_WARN_INT_CONVERSION = YES;
				CLANG_WARN_OBJC_ROOT_CLASS = YES_ERROR;
				CLANG_WARN_UNREACHABLE_CODE = YES;
				CLANG_WARN__DUPLICATE_METHOD_MATCH = YES;
				"CODE_SIGN_IDENTITY[sdk=iphoneos*]" = "iPhone Developer";
				COPY_PHASE_STRIP = NO;
				DEBUG_INFORMATION_FORMAT = dwarf;
				ENABLE_STRICT_OBJC_MSGSEND = YES;
				ENABLE_TESTABILITY = YES;
				GCC_C_LANGUAGE_STANDARD = gnu99;
				GCC_DYNAMIC_NO_PIC = NO;
				GCC_NO_COMMON_BLOCKS = YES;
				GCC_OPTIMIZATION_LEVEL = 0;
				GCC_PREPROCESSOR_DEFINITIONS = (
					"DEBUG=1",
					"$(inherited)",
				);
				GCC_WARN_64_TO_32_BIT_CONVERSION = YES;
				GCC_WARN_ABOUT_RETURN_TYPE = YES_ERROR;
				GCC_WARN_UNDECLARED_SELECTOR = YES;
				GCC_WARN_UNINITIALIZED_AUTOS = YES_AGGRESSIVE;
				GCC_WARN_UNUSED_FUNCTION = YES;
				GCC_WARN_UNUSED_VARIABLE = YES;
				IPHONEOS_DEPLOYMENT_TARGET = 9.3;
				MTL_ENABLE_DEBUG_INFO = YES;
				ONLY_ACTIVE_ARCH = YES;
				SDKROOT = iphoneos;
				SWIFT_OPTIMIZATION_LEVEL = "-Onone";
			};
			name = Debug;
		};
		D484D9451D12FE2A00DECC84 /* Release */ = {
			isa = XCBuildConfiguration;
			buildSettings = {
				ALWAYS_SEARCH_USER_PATHS = NO;
				CLANG_ANALYZER_NONNULL = YES;
				CLANG_CXX_LANGUAGE_STANDARD = "gnu++0x";
				CLANG_CXX_LIBRARY = "libc++";
				CLANG_ENABLE_MODULES = YES;
				CLANG_ENABLE_OBJC_ARC = YES;
				CLANG_WARN_BOOL_CONVERSION = YES;
				CLANG_WARN_CONSTANT_CONVERSION = YES;
				CLANG_WARN_DIRECT_OBJC_ISA_USAGE = YES_ERROR;
				CLANG_WARN_EMPTY_BODY = YES;
				CLANG_WARN_ENUM_CONVERSION = YES;
				CLANG_WARN_INT_CONVERSION = YES;
				CLANG_WARN_OBJC_ROOT_CLASS = YES_ERROR;
				CLANG_WARN_UNREACHABLE_CODE = YES;
				CLANG_WARN__DUPLICATE_METHOD_MATCH = YES;
				"CODE_SIGN_IDENTITY[sdk=iphoneos*]" = "iPhone Developer";
				COPY_PHASE_STRIP = NO;
				DEBUG_INFORMATION_FORMAT = "dwarf-with-dsym";
				ENABLE_NS_ASSERTIONS = NO;
				ENABLE_STRICT_OBJC_MSGSEND = YES;
				GCC_C_LANGUAGE_STANDARD = gnu99;
				GCC_NO_COMMON_BLOCKS = YES;
				GCC_WARN_64_TO_32_BIT_CONVERSION = YES;
				GCC_WARN_ABOUT_RETURN_TYPE = YES_ERROR;
				GCC_WARN_UNDECLARED_SELECTOR = YES;
				GCC_WARN_UNINITIALIZED_AUTOS = YES_AGGRESSIVE;
				GCC_WARN_UNUSED_FUNCTION = YES;
				GCC_WARN_UNUSED_VARIABLE = YES;
				IPHONEOS_DEPLOYMENT_TARGET = 9.3;
				MTL_ENABLE_DEBUG_INFO = NO;
				SDKROOT = iphoneos;
				VALIDATE_PRODUCT = YES;
			};
			name = Release;
		};
		D484D9471D12FE2A00DECC84 /* Debug */ = {
			isa = XCBuildConfiguration;
			buildSettings = {
				ASSETCATALOG_COMPILER_APPICON_NAME = AppIcon;
				FRAMEWORK_SEARCH_PATHS = (
					"$(inherited)",
					"$(PROJECT_DIR)/BCImagePickerDemo",
				);
				INFOPLIST_FILE = BCImagePickerDemo/Info.plist;
				LD_RUNPATH_SEARCH_PATHS = "$(inherited) @executable_path/Frameworks";
				PRODUCT_BUNDLE_IDENTIFIER = com.forzadata.BCImagePickerDemo;
				PRODUCT_NAME = "$(TARGET_NAME)";
			};
			name = Debug;
		};
		D484D9481D12FE2A00DECC84 /* Release */ = {
			isa = XCBuildConfiguration;
			buildSettings = {
				ASSETCATALOG_COMPILER_APPICON_NAME = AppIcon;
				FRAMEWORK_SEARCH_PATHS = (
					"$(inherited)",
					"$(PROJECT_DIR)/BCImagePickerDemo",
				);
				INFOPLIST_FILE = BCImagePickerDemo/Info.plist;
				LD_RUNPATH_SEARCH_PATHS = "$(inherited) @executable_path/Frameworks";
				PRODUCT_BUNDLE_IDENTIFIER = com.forzadata.BCImagePickerDemo;
				PRODUCT_NAME = "$(TARGET_NAME)";
			};
			name = Release;
		};
/* End XCBuildConfiguration section */

/* Begin XCConfigurationList section */
		D484D92F1D12FE2A00DECC84 /* Build configuration list for PBXProject "BCImagePickerDemo" */ = {
			isa = XCConfigurationList;
			buildConfigurations = (
				D484D9441D12FE2A00DECC84 /* Debug */,
				D484D9451D12FE2A00DECC84 /* Release */,
			);
			defaultConfigurationIsVisible = 0;
			defaultConfigurationName = Release;
		};
		D484D9461D12FE2A00DECC84 /* Build configuration list for PBXNativeTarget "BCImagePickerDemo" */ = {
			isa = XCConfigurationList;
			buildConfigurations = (
				D484D9471D12FE2A00DECC84 /* Debug */,
				D484D9481D12FE2A00DECC84 /* Release */,
			);
			defaultConfigurationIsVisible = 0;
			defaultConfigurationName = Release;
		};
/* End XCConfigurationList section */
	};
	rootObject = D484D92C1D12FE2A00DECC84 /* Project object */;
}
